PODS:
  - SnapKit (4.0.1)
  - SwiftChart (1.0.1)

DEPENDENCIES:
  - SnapKit (~> 4.0.0)
  - SwiftChart

SPEC REPOS:
  https://github.com/cocoapods/specs.git:
    - SnapKit
    - SwiftChart

SPEC CHECKSUMS:
  SnapKit: 0de968a9fec17499afa29683b05d0c775b6d1c29
  SwiftChart: ba767a678d568a5ee22d419e146a0582865e1aff

PODFILE CHECKSUM: c47b19ecc4650068a86a532525657e3437008089

COCOAPODS: 1.6.1
