// !$*UTF8*$!
{
	archiveVersion = 1;
	classes = {
	};
	objectVersion = 50;
	objects = {

/* Begin PBXBuildFile section */
		A9ED8095A8D2B089BF2FC387 /* Pods_UpUITests.framework in Frameworks */ = {isa = PBXBuildFile; fileRef = 5B6E465FA244D5B61860CDA0 /* Pods_UpUITests.framework */; };
		C37519E52255114900FF0E22 /* AppDelegate.swift in Sources */ = {isa = PBXBuildFile; fileRef = C37519E42255114900FF0E22 /* AppDelegate.swift */; };
		C37519EC2255114C00FF0E22 /* Assets.xcassets in Resources */ = {isa = PBXBuildFile; fileRef = C37519EB2255114C00FF0E22 /* Assets.xcassets */; };
		C37519EF2255114C00FF0E22 /* LaunchScreen.storyboard in Resources */ = {isa = PBXBuildFile; fileRef = C37519ED2255114C00FF0E22 /* LaunchScreen.storyboard */; };
		C37519FA2255114D00FF0E22 /* UpTests.swift in Sources */ = {isa = PBXBuildFile; fileRef = C37519F92255114D00FF0E22 /* UpTests.swift */; };
		C3751A052255114D00FF0E22 /* UpUITests.swift in Sources */ = {isa = PBXBuildFile; fileRef = C3751A042255114D00FF0E22 /* UpUITests.swift */; };
		C3751A1722552DFE00FF0E22 /* upViewController.swift in Sources */ = {isa = PBXBuildFile; fileRef = C3751A1622552DFE00FF0E22 /* upViewController.swift */; };
		C3751A1922552F3D00FF0E22 /* Project.swift in Sources */ = {isa = PBXBuildFile; fileRef = C3751A1822552F3D00FF0E22 /* Project.swift */; };
		C3751A1B2256D68B00FF0E22 /* TimedProjectCell.swift in Sources */ = {isa = PBXBuildFile; fileRef = C3751A1A2256D68B00FF0E22 /* TimedProjectCell.swift */; };
		C3751A1D2256D6A100FF0E22 /* ProjectCell.swift in Sources */ = {isa = PBXBuildFile; fileRef = C3751A1C2256D6A100FF0E22 /* ProjectCell.swift */; };
		C3751A1F22573A1E00FF0E22 /* headerViewHelper.swift in Sources */ = {isa = PBXBuildFile; fileRef = C3751A1E22573A1E00FF0E22 /* headerViewHelper.swift */; };
		EA9435B687C0529AF11F85F8 /* Pods_UpTests.framework in Frameworks */ = {isa = PBXBuildFile; fileRef = 302688DDD8A6251B5E3A8D14 /* Pods_UpTests.framework */; };
		F19ADCF59C11CE8EF7F54125 /* Pods_Up.framework in Frameworks */ = {isa = PBXBuildFile; fileRef = 8B7BAEDF3155CE5AAB0935E5 /* Pods_Up.framework */; };
/* End PBXBuildFile section */

/* Begin PBXContainerItemProxy section */
		C37519F62255114D00FF0E22 /* PBXContainerItemProxy */ = {
			isa = PBXContainerItemProxy;
			containerPortal = C37519D92255114900FF0E22 /* Project object */;
			proxyType = 1;
			remoteGlobalIDString = C37519E02255114900FF0E22;
			remoteInfo = Up;
		};
		C3751A012255114D00FF0E22 /* PBXContainerItemProxy */ = {
			isa = PBXContainerItemProxy;
			containerPortal = C37519D92255114900FF0E22 /* Project object */;
			proxyType = 1;
			remoteGlobalIDString = C37519E02255114900FF0E22;
			remoteInfo = Up;
		};
/* End PBXContainerItemProxy section */

/* Begin PBXFileReference section */
		2F381597F7059C0B560DD901 /* Pods-UpTests.debug.xcconfig */ = {isa = PBXFileReference; includeInIndex = 1; lastKnownFileType = text.xcconfig; name = "Pods-UpTests.debug.xcconfig"; path = "Target Support Files/Pods-UpTests/Pods-UpTests.debug.xcconfig"; sourceTree = "<group>"; };
		302688DDD8A6251B5E3A8D14 /* Pods_UpTests.framework */ = {isa = PBXFileReference; explicitFileType = wrapper.framework; includeInIndex = 0; path = Pods_UpTests.framework; sourceTree = BUILT_PRODUCTS_DIR; };
		5910D3136DCB67DD23DDEA97 /* Pods-UpUITests.debug.xcconfig */ = {isa = PBXFileReference; includeInIndex = 1; lastKnownFileType = text.xcconfig; name = "Pods-UpUITests.debug.xcconfig"; path = "Target Support Files/Pods-UpUITests/Pods-UpUITests.debug.xcconfig"; sourceTree = "<group>"; };
		5B6E465FA244D5B61860CDA0 /* Pods_UpUITests.framework */ = {isa = PBXFileReference; explicitFileType = wrapper.framework; includeInIndex = 0; path = Pods_UpUITests.framework; sourceTree = BUILT_PRODUCTS_DIR; };
		810543B6FC8766C63D1762EB /* Pods-Up.release.xcconfig */ = {isa = PBXFileReference; includeInIndex = 1; lastKnownFileType = text.xcconfig; name = "Pods-Up.release.xcconfig"; path = "Target Support Files/Pods-Up/Pods-Up.release.xcconfig"; sourceTree = "<group>"; };
		898A2BDFBBF97D8B92D7991B /* Pods-UpUITests.release.xcconfig */ = {isa = PBXFileReference; includeInIndex = 1; lastKnownFileType = text.xcconfig; name = "Pods-UpUITests.release.xcconfig"; path = "Target Support Files/Pods-UpUITests/Pods-UpUITests.release.xcconfig"; sourceTree = "<group>"; };
		8B7BAEDF3155CE5AAB0935E5 /* Pods_Up.framework */ = {isa = PBXFileReference; explicitFileType = wrapper.framework; includeInIndex = 0; path = Pods_Up.framework; sourceTree = BUILT_PRODUCTS_DIR; };
		AFFD630057ED3721185BE030 /* Pods-Up.debug.xcconfig */ = {isa = PBXFileReference; includeInIndex = 1; lastKnownFileType = text.xcconfig; name = "Pods-Up.debug.xcconfig"; path = "Target Support Files/Pods-Up/Pods-Up.debug.xcconfig"; sourceTree = "<group>"; };
		C37519E12255114900FF0E22 /* Up.app */ = {isa = PBXFileReference; explicitFileType = wrapper.application; includeInIndex = 0; path = Up.app; sourceTree = BUILT_PRODUCTS_DIR; };
		C37519E42255114900FF0E22 /* AppDelegate.swift */ = {isa = PBXFileReference; lastKnownFileType = sourcecode.swift; path = AppDelegate.swift; sourceTree = "<group>"; };
		C37519EB2255114C00FF0E22 /* Assets.xcassets */ = {isa = PBXFileReference; lastKnownFileType = folder.assetcatalog; path = Assets.xcassets; sourceTree = "<group>"; };
		C37519EE2255114C00FF0E22 /* Base */ = {isa = PBXFileReference; lastKnownFileType = file.storyboard; name = Base; path = Base.lproj/LaunchScreen.storyboard; sourceTree = "<group>"; };
		C37519F02255114C00FF0E22 /* Info.plist */ = {isa = PBXFileReference; lastKnownFileType = text.plist.xml; path = Info.plist; sourceTree = "<group>"; };
		C37519F52255114D00FF0E22 /* UpTests.xctest */ = {isa = PBXFileReference; explicitFileType = wrapper.cfbundle; includeInIndex = 0; path = UpTests.xctest; sourceTree = BUILT_PRODUCTS_DIR; };
		C37519F92255114D00FF0E22 /* UpTests.swift */ = {isa = PBXFileReference; lastKnownFileType = sourcecode.swift; path = UpTests.swift; sourceTree = "<group>"; };
		C37519FB2255114D00FF0E22 /* Info.plist */ = {isa = PBXFileReference; lastKnownFileType = text.plist.xml; path = Info.plist; sourceTree = "<group>"; };
		C3751A002255114D00FF0E22 /* UpUITests.xctest */ = {isa = PBXFileReference; explicitFileType = wrapper.cfbundle; includeInIndex = 0; path = UpUITests.xctest; sourceTree = BUILT_PRODUCTS_DIR; };
		C3751A042255114D00FF0E22 /* UpUITests.swift */ = {isa = PBXFileReference; lastKnownFileType = sourcecode.swift; path = UpUITests.swift; sourceTree = "<group>"; };
		C3751A062255114D00FF0E22 /* Info.plist */ = {isa = PBXFileReference; lastKnownFileType = text.plist.xml; path = Info.plist; sourceTree = "<group>"; };
		C3751A1622552DFE00FF0E22 /* upViewController.swift */ = {isa = PBXFileReference; lastKnownFileType = sourcecode.swift; path = upViewController.swift; sourceTree = "<group>"; };
		C3751A1822552F3D00FF0E22 /* Project.swift */ = {isa = PBXFileReference; lastKnownFileType = sourcecode.swift; path = Project.swift; sourceTree = "<group>"; };
		C3751A1A2256D68B00FF0E22 /* TimedProjectCell.swift */ = {isa = PBXFileReference; lastKnownFileType = sourcecode.swift; path = TimedProjectCell.swift; sourceTree = "<group>"; };
		C3751A1C2256D6A100FF0E22 /* ProjectCell.swift */ = {isa = PBXFileReference; lastKnownFileType = sourcecode.swift; path = ProjectCell.swift; sourceTree = "<group>"; };
		C3751A1E22573A1E00FF0E22 /* headerViewHelper.swift */ = {isa = PBXFileReference; lastKnownFileType = sourcecode.swift; path = headerViewHelper.swift; sourceTree = "<group>"; };
		F42DC5CA08EDB9F40DBC9907 /* Pods-UpTests.release.xcconfig */ = {isa = PBXFileReference; includeInIndex = 1; lastKnownFileType = text.xcconfig; name = "Pods-UpTests.release.xcconfig"; path = "Target Support Files/Pods-UpTests/Pods-UpTests.release.xcconfig"; sourceTree = "<group>"; };
/* End PBXFileReference section */

/* Begin PBXFrameworksBuildPhase section */
		C37519DE2255114900FF0E22 /* Frameworks */ = {
			isa = PBXFrameworksBuildPhase;
			buildActionMask = 2147483647;
			files = (
				F19ADCF59C11CE8EF7F54125 /* Pods_Up.framework in Frameworks */,
			);
			runOnlyForDeploymentPostprocessing = 0;
		};
		C37519F22255114D00FF0E22 /* Frameworks */ = {
			isa = PBXFrameworksBuildPhase;
			buildActionMask = 2147483647;
			files = (
				EA9435B687C0529AF11F85F8 /* Pods_UpTests.framework in Frameworks */,
			);
			runOnlyForDeploymentPostprocessing = 0;
		};
		C37519FD2255114D00FF0E22 /* Frameworks */ = {
			isa = PBXFrameworksBuildPhase;
			buildActionMask = 2147483647;
			files = (
				A9ED8095A8D2B089BF2FC387 /* Pods_UpUITests.framework in Frameworks */,
			);
			runOnlyForDeploymentPostprocessing = 0;
		};
/* End PBXFrameworksBuildPhase section */

/* Begin PBXGroup section */
		26F3DF939104CC2B4BA5D025 /* Frameworks */ = {
			isa = PBXGroup;
			children = (
				8B7BAEDF3155CE5AAB0935E5 /* Pods_Up.framework */,
				302688DDD8A6251B5E3A8D14 /* Pods_UpTests.framework */,
				5B6E465FA244D5B61860CDA0 /* Pods_UpUITests.framework */,
			);
			name = Frameworks;
			sourceTree = "<group>";
		};
		2A71B550F73A769B0BA45F2C /* Pods */ = {
			isa = PBXGroup;
			children = (
				AFFD630057ED3721185BE030 /* Pods-Up.debug.xcconfig */,
				810543B6FC8766C63D1762EB /* Pods-Up.release.xcconfig */,
				2F381597F7059C0B560DD901 /* Pods-UpTests.debug.xcconfig */,
				F42DC5CA08EDB9F40DBC9907 /* Pods-UpTests.release.xcconfig */,
				5910D3136DCB67DD23DDEA97 /* Pods-UpUITests.debug.xcconfig */,
				898A2BDFBBF97D8B92D7991B /* Pods-UpUITests.release.xcconfig */,
			);
			path = Pods;
			sourceTree = "<group>";
		};
		C37519D82255114900FF0E22 = {
			isa = PBXGroup;
			children = (
				C37519E32255114900FF0E22 /* Up */,
				C37519F82255114D00FF0E22 /* UpTests */,
				C3751A032255114D00FF0E22 /* UpUITests */,
				C37519E22255114900FF0E22 /* Products */,
				2A71B550F73A769B0BA45F2C /* Pods */,
				26F3DF939104CC2B4BA5D025 /* Frameworks */,
			);
			sourceTree = "<group>";
		};
		C37519E22255114900FF0E22 /* Products */ = {
			isa = PBXGroup;
			children = (
				C37519E12255114900FF0E22 /* Up.app */,
				C37519F52255114D00FF0E22 /* UpTests.xctest */,
				C3751A002255114D00FF0E22 /* UpUITests.xctest */,
			);
			name = Products;
			sourceTree = "<group>";
		};
		C37519E32255114900FF0E22 /* Up */ = {
			isa = PBXGroup;
			children = (
				C37519E42255114900FF0E22 /* AppDelegate.swift */,
				C3751A1622552DFE00FF0E22 /* upViewController.swift */,
				C3751A1822552F3D00FF0E22 /* Project.swift */,
				C3751A1A2256D68B00FF0E22 /* TimedProjectCell.swift */,
				C3751A1C2256D6A100FF0E22 /* ProjectCell.swift */,
				C3751A1E22573A1E00FF0E22 /* headerViewHelper.swift */,
				C37519EB2255114C00FF0E22 /* Assets.xcassets */,
				C37519ED2255114C00FF0E22 /* LaunchScreen.storyboard */,
				C37519F02255114C00FF0E22 /* Info.plist */,
			);
			path = Up;
			sourceTree = "<group>";
		};
		C37519F82255114D00FF0E22 /* UpTests */ = {
			isa = PBXGroup;
			children = (
				C37519F92255114D00FF0E22 /* UpTests.swift */,
				C37519FB2255114D00FF0E22 /* Info.plist */,
			);
			path = UpTests;
			sourceTree = "<group>";
		};
		C3751A032255114D00FF0E22 /* UpUITests */ = {
			isa = PBXGroup;
			children = (
				C3751A042255114D00FF0E22 /* UpUITests.swift */,
				C3751A062255114D00FF0E22 /* Info.plist */,
			);
			path = UpUITests;
			sourceTree = "<group>";
		};
/* End PBXGroup section */

/* Begin PBXNativeTarget section */
		C37519E02255114900FF0E22 /* Up */ = {
			isa = PBXNativeTarget;
			buildConfigurationList = C3751A092255114D00FF0E22 /* Build configuration list for PBXNativeTarget "Up" */;
			buildPhases = (
				A1A72DB07883444D76437654 /* [CP] Check Pods Manifest.lock */,
				C37519DD2255114900FF0E22 /* Sources */,
				C37519DE2255114900FF0E22 /* Frameworks */,
				C37519DF2255114900FF0E22 /* Resources */,
				4826B45DF6ED3EEA2A5E2C17 /* [CP] Embed Pods Frameworks */,
			);
			buildRules = (
			);
			dependencies = (
			);
			name = Up;
			productName = Up;
			productReference = C37519E12255114900FF0E22 /* Up.app */;
			productType = "com.apple.product-type.application";
		};
		C37519F42255114D00FF0E22 /* UpTests */ = {
			isa = PBXNativeTarget;
			buildConfigurationList = C3751A0C2255114D00FF0E22 /* Build configuration list for PBXNativeTarget "UpTests" */;
			buildPhases = (
				C17CD7CBD0A170ED71CACB5B /* [CP] Check Pods Manifest.lock */,
				C37519F12255114D00FF0E22 /* Sources */,
				C37519F22255114D00FF0E22 /* Frameworks */,
				C37519F32255114D00FF0E22 /* Resources */,
			);
			buildRules = (
			);
			dependencies = (
				C37519F72255114D00FF0E22 /* PBXTargetDependency */,
			);
			name = UpTests;
			productName = UpTests;
			productReference = C37519F52255114D00FF0E22 /* UpTests.xctest */;
			productType = "com.apple.product-type.bundle.unit-test";
		};
		C37519FF2255114D00FF0E22 /* UpUITests */ = {
			isa = PBXNativeTarget;
			buildConfigurationList = C3751A0F2255114D00FF0E22 /* Build configuration list for PBXNativeTarget "UpUITests" */;
			buildPhases = (
				A41B29DD1773D95AC4770290 /* [CP] Check Pods Manifest.lock */,
				C37519FC2255114D00FF0E22 /* Sources */,
				C37519FD2255114D00FF0E22 /* Frameworks */,
				C37519FE2255114D00FF0E22 /* Resources */,
			);
			buildRules = (
			);
			dependencies = (
				C3751A022255114D00FF0E22 /* PBXTargetDependency */,
			);
			name = UpUITests;
			productName = UpUITests;
			productReference = C3751A002255114D00FF0E22 /* UpUITests.xctest */;
			productType = "com.apple.product-type.bundle.ui-testing";
		};
/* End PBXNativeTarget section */

/* Begin PBXProject section */
		C37519D92255114900FF0E22 /* Project object */ = {
			isa = PBXProject;
			attributes = {
				LastSwiftUpdateCheck = 1010;
				LastUpgradeCheck = 1010;
				TargetAttributes = {
					C37519E02255114900FF0E22 = {
						CreatedOnToolsVersion = 10.1;
					};
					C37519F42255114D00FF0E22 = {
						CreatedOnToolsVersion = 10.1;
						TestTargetID = C37519E02255114900FF0E22;
					};
					C37519FF2255114D00FF0E22 = {
						CreatedOnToolsVersion = 10.1;
						TestTargetID = C37519E02255114900FF0E22;
					};
				};
			};
			buildConfigurationList = C37519DC2255114900FF0E22 /* Build configuration list for PBXProject "Up" */;
			compatibilityVersion = "Xcode 9.3";
			developmentRegion = en;
			hasScannedForEncodings = 0;
			knownRegions = (
				en,
				Base,
			);
			mainGroup = C37519D82255114900FF0E22;
			productRefGroup = C37519E22255114900FF0E22 /* Products */;
			projectDirPath = "";
			projectRoot = "";
			targets = (
				C37519E02255114900FF0E22 /* Up */,
				C37519F42255114D00FF0E22 /* UpTests */,
				C37519FF2255114D00FF0E22 /* UpUITests */,
			);
		};
/* End PBXProject section */

/* Begin PBXResourcesBuildPhase section */
		C37519DF2255114900FF0E22 /* Resources */ = {
			isa = PBXResourcesBuildPhase;
			buildActionMask = 2147483647;
			files = (
				C37519EF2255114C00FF0E22 /* LaunchScreen.storyboard in Resources */,
				C37519EC2255114C00FF0E22 /* Assets.xcassets in Resources */,
			);
			runOnlyForDeploymentPostprocessing = 0;
		};
		C37519F32255114D00FF0E22 /* Resources */ = {
			isa = PBXResourcesBuildPhase;
			buildActionMask = 2147483647;
			files = (
			);
			runOnlyForDeploymentPostprocessing = 0;
		};
		C37519FE2255114D00FF0E22 /* Resources */ = {
			isa = PBXResourcesBuildPhase;
			buildActionMask = 2147483647;
			files = (
			);
			runOnlyForDeploymentPostprocessing = 0;
		};
/* End PBXResourcesBuildPhase section */

/* Begin PBXShellScriptBuildPhase section */
		4826B45DF6ED3EEA2A5E2C17 /* [CP] Embed Pods Frameworks */ = {
			isa = PBXShellScriptBuildPhase;
			buildActionMask = 2147483647;
			files = (
			);
			inputFileListPaths = (
			);
			inputPaths = (
				"${PODS_ROOT}/Target Support Files/Pods-Up/Pods-Up-frameworks.sh",
				"${BUILT_PRODUCTS_DIR}/SnapKit/SnapKit.framework",
			);
			name = "[CP] Embed Pods Frameworks";
			outputFileListPaths = (
			);
			outputPaths = (
				"${TARGET_BUILD_DIR}/${FRAMEWORKS_FOLDER_PATH}/SnapKit.framework",
			);
			runOnlyForDeploymentPostprocessing = 0;
			shellPath = /bin/sh;
			shellScript = "\"${PODS_ROOT}/Target Support Files/Pods-Up/Pods-Up-frameworks.sh\"\n";
			showEnvVarsInLog = 0;
		};
		A1A72DB07883444D76437654 /* [CP] Check Pods Manifest.lock */ = {
			isa = PBXShellScriptBuildPhase;
			buildActionMask = 2147483647;
			files = (
			);
			inputFileListPaths = (
			);
			inputPaths = (
				"${PODS_PODFILE_DIR_PATH}/Podfile.lock",
				"${PODS_ROOT}/Manifest.lock",
			);
			name = "[CP] Check Pods Manifest.lock";
			outputFileListPaths = (
			);
			outputPaths = (
				"$(DERIVED_FILE_DIR)/Pods-Up-checkManifestLockResult.txt",
			);
			runOnlyForDeploymentPostprocessing = 0;
			shellPath = /bin/sh;
			shellScript = "diff \"${PODS_PODFILE_DIR_PATH}/Podfile.lock\" \"${PODS_ROOT}/Manifest.lock\" > /dev/null\nif [ $? != 0 ] ; then\n    # print error to STDERR\n    echo \"error: The sandbox is not in sync with the Podfile.lock. Run 'pod install' or update your CocoaPods installation.\" >&2\n    exit 1\nfi\n# This output is used by Xcode 'outputs' to avoid re-running this script phase.\necho \"SUCCESS\" > \"${SCRIPT_OUTPUT_FILE_0}\"\n";
			showEnvVarsInLog = 0;
		};
		A41B29DD1773D95AC4770290 /* [CP] Check Pods Manifest.lock */ = {
			isa = PBXShellScriptBuildPhase;
			buildActionMask = 2147483647;
			files = (
			);
			inputFileListPaths = (
			);
			inputPaths = (
				"${PODS_PODFILE_DIR_PATH}/Podfile.lock",
				"${PODS_ROOT}/Manifest.lock",
			);
			name = "[CP] Check Pods Manifest.lock";
			outputFileListPaths = (
			);
			outputPaths = (
				"$(DERIVED_FILE_DIR)/Pods-UpUITests-checkManifestLockResult.txt",
			);
			runOnlyForDeploymentPostprocessing = 0;
			shellPath = /bin/sh;
			shellScript = "diff \"${PODS_PODFILE_DIR_PATH}/Podfile.lock\" \"${PODS_ROOT}/Manifest.lock\" > /dev/null\nif [ $? != 0 ] ; then\n    # print error to STDERR\n    echo \"error: The sandbox is not in sync with the Podfile.lock. Run 'pod install' or update your CocoaPods installation.\" >&2\n    exit 1\nfi\n# This output is used by Xcode 'outputs' to avoid re-running this script phase.\necho \"SUCCESS\" > \"${SCRIPT_OUTPUT_FILE_0}\"\n";
			showEnvVarsInLog = 0;
		};
		C17CD7CBD0A170ED71CACB5B /* [CP] Check Pods Manifest.lock */ = {
			isa = PBXShellScriptBuildPhase;
			buildActionMask = 2147483647;
			files = (
			);
			inputFileListPaths = (
			);
			inputPaths = (
				"${PODS_PODFILE_DIR_PATH}/Podfile.lock",
				"${PODS_ROOT}/Manifest.lock",
			);
			name = "[CP] Check Pods Manifest.lock";
			outputFileListPaths = (
			);
			outputPaths = (
				"$(DERIVED_FILE_DIR)/Pods-UpTests-checkManifestLockResult.txt",
			);
			runOnlyForDeploymentPostprocessing = 0;
			shellPath = /bin/sh;
			shellScript = "diff \"${PODS_PODFILE_DIR_PATH}/Podfile.lock\" \"${PODS_ROOT}/Manifest.lock\" > /dev/null\nif [ $? != 0 ] ; then\n    # print error to STDERR\n    echo \"error: The sandbox is not in sync with the Podfile.lock. Run 'pod install' or update your CocoaPods installation.\" >&2\n    exit 1\nfi\n# This output is used by Xcode 'outputs' to avoid re-running this script phase.\necho \"SUCCESS\" > \"${SCRIPT_OUTPUT_FILE_0}\"\n";
			showEnvVarsInLog = 0;
		};
/* End PBXShellScriptBuildPhase section */

/* Begin PBXSourcesBuildPhase section */
		C37519DD2255114900FF0E22 /* Sources */ = {
			isa = PBXSourcesBuildPhase;
			buildActionMask = 2147483647;
			files = (
				C37519E52255114900FF0E22 /* AppDelegate.swift in Sources */,
				C3751A1D2256D6A100FF0E22 /* ProjectCell.swift in Sources */,
				C3751A1722552DFE00FF0E22 /* upViewController.swift in Sources */,
				C3751A1F22573A1E00FF0E22 /* headerViewHelper.swift in Sources */,
				C3751A1922552F3D00FF0E22 /* Project.swift in Sources */,
				C3751A1B2256D68B00FF0E22 /* TimedProjectCell.swift in Sources */,
			);
			runOnlyForDeploymentPostprocessing = 0;
		};
		C37519F12255114D00FF0E22 /* Sources */ = {
			isa = PBXSourcesBuildPhase;
			buildActionMask = 2147483647;
			files = (
				C37519FA2255114D00FF0E22 /* UpTests.swift in Sources */,
			);
			runOnlyForDeploymentPostprocessing = 0;
		};
		C37519FC2255114D00FF0E22 /* Sources */ = {
			isa = PBXSourcesBuildPhase;
			buildActionMask = 2147483647;
			files = (
				C3751A052255114D00FF0E22 /* UpUITests.swift in Sources */,
			);
			runOnlyForDeploymentPostprocessing = 0;
		};
/* End PBXSourcesBuildPhase section */

/* Begin PBXTargetDependency section */
		C37519F72255114D00FF0E22 /* PBXTargetDependency */ = {
			isa = PBXTargetDependency;
			target = C37519E02255114900FF0E22 /* Up */;
			targetProxy = C37519F62255114D00FF0E22 /* PBXContainerItemProxy */;
		};
		C3751A022255114D00FF0E22 /* PBXTargetDependency */ = {
			isa = PBXTargetDependency;
			target = C37519E02255114900FF0E22 /* Up */;
			targetProxy = C3751A012255114D00FF0E22 /* PBXContainerItemProxy */;
		};
/* End PBXTargetDependency section */

/* Begin PBXVariantGroup section */
		C37519ED2255114C00FF0E22 /* LaunchScreen.storyboard */ = {
			isa = PBXVariantGroup;
			children = (
				C37519EE2255114C00FF0E22 /* Base */,
			);
			name = LaunchScreen.storyboard;
			sourceTree = "<group>";
		};
/* End PBXVariantGroup section */

/* Begin XCBuildConfiguration section */
		C3751A072255114D00FF0E22 /* Debug */ = {
			isa = XCBuildConfiguration;
			buildSettings = {
				ALWAYS_SEARCH_USER_PATHS = NO;
				CLANG_ANALYZER_NONNULL = YES;
				CLANG_ANALYZER_NUMBER_OBJECT_CONVERSION = YES_AGGRESSIVE;
				CLANG_CXX_LANGUAGE_STANDARD = "gnu++14";
				CLANG_CXX_LIBRARY = "libc++";
				CLANG_ENABLE_MODULES = YES;
				CLANG_ENABLE_OBJC_ARC = YES;
				CLANG_ENABLE_OBJC_WEAK = YES;
				CLANG_WARN_BLOCK_CAPTURE_AUTORELEASING = YES;
				CLANG_WARN_BOOL_CONVERSION = YES;
				CLANG_WARN_COMMA = YES;
				CLANG_WARN_CONSTANT_CONVERSION = YES;
				CLANG_WARN_DEPRECATED_OBJC_IMPLEMENTATIONS = YES;
				CLANG_WARN_DIRECT_OBJC_ISA_USAGE = YES_ERROR;
				CLANG_WARN_DOCUMENTATION_COMMENTS = YES;
				CLANG_WARN_EMPTY_BODY = YES;
				CLANG_WARN_ENUM_CONVERSION = YES;
				CLANG_WARN_INFINITE_RECURSION = YES;
				CLANG_WARN_INT_CONVERSION = YES;
				CLANG_WARN_NON_LITERAL_NULL_CONVERSION = YES;
				CLANG_WARN_OBJC_IMPLICIT_RETAIN_SELF = YES;
				CLANG_WARN_OBJC_LITERAL_CONVERSION = YES;
				CLANG_WARN_OBJC_ROOT_CLASS = YES_ERROR;
				CLANG_WARN_RANGE_LOOP_ANALYSIS = YES;
				CLANG_WARN_STRICT_PROTOTYPES = YES;
				CLANG_WARN_SUSPICIOUS_MOVE = YES;
				CLANG_WARN_UNGUARDED_AVAILABILITY = YES_AGGRESSIVE;
				CLANG_WARN_UNREACHABLE_CODE = YES;
				CLANG_WARN__DUPLICATE_METHOD_MATCH = YES;
				CODE_SIGN_IDENTITY = "iPhone Developer";
				COPY_PHASE_STRIP = NO;
				DEBUG_INFORMATION_FORMAT = dwarf;
				ENABLE_STRICT_OBJC_MSGSEND = YES;
				ENABLE_TESTABILITY = YES;
				GCC_C_LANGUAGE_STANDARD = gnu11;
				GCC_DYNAMIC_NO_PIC = NO;
				GCC_NO_COMMON_BLOCKS = YES;
				GCC_OPTIMIZATION_LEVEL = 0;
				GCC_PREPROCESSOR_DEFINITIONS = (
					"DEBUG=1",
					"$(inherited)",
				);
				GCC_WARN_64_TO_32_BIT_CONVERSION = YES;
				GCC_WARN_ABOUT_RETURN_TYPE = YES_ERROR;
				GCC_WARN_UNDECLARED_SELECTOR = YES;
				GCC_WARN_UNINITIALIZED_AUTOS = YES_AGGRESSIVE;
				GCC_WARN_UNUSED_FUNCTION = YES;
				GCC_WARN_UNUSED_VARIABLE = YES;
				IPHONEOS_DEPLOYMENT_TARGET = 12.1;
				MTL_ENABLE_DEBUG_INFO = INCLUDE_SOURCE;
				MTL_FAST_MATH = YES;
				ONLY_ACTIVE_ARCH = YES;
				SDKROOT = iphoneos;
				SWIFT_ACTIVE_COMPILATION_CONDITIONS = DEBUG;
				SWIFT_OPTIMIZATION_LEVEL = "-Onone";
			};
			name = Debug;
		};
		C3751A082255114D00FF0E22 /* Release */ = {
			isa = XCBuildConfiguration;
			buildSettings = {
				ALWAYS_SEARCH_USER_PATHS = NO;
				CLANG_ANALYZER_NONNULL = YES;
				CLANG_ANALYZER_NUMBER_OBJECT_CONVERSION = YES_AGGRESSIVE;
				CLANG_CXX_LANGUAGE_STANDARD = "gnu++14";
				CLANG_CXX_LIBRARY = "libc++";
				CLANG_ENABLE_MODULES = YES;
				CLANG_ENABLE_OBJC_ARC = YES;
				CLANG_ENABLE_OBJC_WEAK = YES;
				CLANG_WARN_BLOCK_CAPTURE_AUTORELEASING = YES;
				CLANG_WARN_BOOL_CONVERSION = YES;
				CLANG_WARN_COMMA = YES;
				CLANG_WARN_CONSTANT_CONVERSION = YES;
				CLANG_WARN_DEPRECATED_OBJC_IMPLEMENTATIONS = YES;
				CLANG_WARN_DIRECT_OBJC_ISA_USAGE = YES_ERROR;
				CLANG_WARN_DOCUMENTATION_COMMENTS = YES;
				CLANG_WARN_EMPTY_BODY = YES;
				CLANG_WARN_ENUM_CONVERSION = YES;
				CLANG_WARN_INFINITE_RECURSION = YES;
				CLANG_WARN_INT_CONVERSION = YES;
				CLANG_WARN_NON_LITERAL_NULL_CONVERSION = YES;
				CLANG_WARN_OBJC_IMPLICIT_RETAIN_SELF = YES;
				CLANG_WARN_OBJC_LITERAL_CONVERSION = YES;
				CLANG_WARN_OBJC_ROOT_CLASS = YES_ERROR;
				CLANG_WARN_RANGE_LOOP_ANALYSIS = YES;
				CLANG_WARN_STRICT_PROTOTYPES = YES;
				CLANG_WARN_SUSPICIOUS_MOVE = YES;
				CLANG_WARN_UNGUARDED_AVAILABILITY = YES_AGGRESSIVE;
				CLANG_WARN_UNREACHABLE_CODE = YES;
				CLANG_WARN__DUPLICATE_METHOD_MATCH = YES;
				CODE_SIGN_IDENTITY = "iPhone Developer";
				COPY_PHASE_STRIP = NO;
				DEBUG_INFORMATION_FORMAT = "dwarf-with-dsym";
				ENABLE_NS_ASSERTIONS = NO;
				ENABLE_STRICT_OBJC_MSGSEND = YES;
				GCC_C_LANGUAGE_STANDARD = gnu11;
				GCC_NO_COMMON_BLOCKS = YES;
				GCC_WARN_64_TO_32_BIT_CONVERSION = YES;
				GCC_WARN_ABOUT_RETURN_TYPE = YES_ERROR;
				GCC_WARN_UNDECLARED_SELECTOR = YES;
				GCC_WARN_UNINITIALIZED_AUTOS = YES_AGGRESSIVE;
				GCC_WARN_UNUSED_FUNCTION = YES;
				GCC_WARN_UNUSED_VARIABLE = YES;
				IPHONEOS_DEPLOYMENT_TARGET = 12.1;
				MTL_ENABLE_DEBUG_INFO = NO;
				MTL_FAST_MATH = YES;
				SDKROOT = iphoneos;
				SWIFT_COMPILATION_MODE = wholemodule;
				SWIFT_OPTIMIZATION_LEVEL = "-O";
				VALIDATE_PRODUCT = YES;
			};
			name = Release;
		};
		C3751A0A2255114D00FF0E22 /* Debug */ = {
			isa = XCBuildConfiguration;
			baseConfigurationReference = AFFD630057ED3721185BE030 /* Pods-Up.debug.xcconfig */;
			buildSettings = {
				ASSETCATALOG_COMPILER_APPICON_NAME = AppIcon;
				CODE_SIGN_STYLE = Automatic;
				DEVELOPMENT_TEAM = X3T6G6B4MK;
				INFOPLIST_FILE = Up/Info.plist;
				LD_RUNPATH_SEARCH_PATHS = (
					"$(inherited)",
					"@executable_path/Frameworks",
				);
				PRODUCT_BUNDLE_IDENTIFIER = SunnyInc.Up;
				PRODUCT_NAME = "$(TARGET_NAME)";
				SWIFT_VERSION = 4.2;
				TARGETED_DEVICE_FAMILY = "1,2";
			};
			name = Debug;
		};
		C3751A0B2255114D00FF0E22 /* Release */ = {
			isa = XCBuildConfiguration;
			baseConfigurationReference = 810543B6FC8766C63D1762EB /* Pods-Up.release.xcconfig */;
			buildSettings = {
				ASSETCATALOG_COMPILER_APPICON_NAME = AppIcon;
				CODE_SIGN_STYLE = Automatic;
				DEVELOPMENT_TEAM = X3T6G6B4MK;
				INFOPLIST_FILE = Up/Info.plist;
				LD_RUNPATH_SEARCH_PATHS = (
					"$(inherited)",
					"@executable_path/Frameworks",
				);
				PRODUCT_BUNDLE_IDENTIFIER = SunnyInc.Up;
				PRODUCT_NAME = "$(TARGET_NAME)";
				SWIFT_VERSION = 4.2;
				TARGETED_DEVICE_FAMILY = "1,2";
			};
			name = Release;
		};
		C3751A0D2255114D00FF0E22 /* Debug */ = {
			isa = XCBuildConfiguration;
			baseConfigurationReference = 2F381597F7059C0B560DD901 /* Pods-UpTests.debug.xcconfig */;
			buildSettings = {
				ALWAYS_EMBED_SWIFT_STANDARD_LIBRARIES = YES;
				BUNDLE_LOADER = "$(TEST_HOST)";
				CODE_SIGN_STYLE = Automatic;
				DEVELOPMENT_TEAM = X3T6G6B4MK;
				INFOPLIST_FILE = UpTests/Info.plist;
				LD_RUNPATH_SEARCH_PATHS = (
					"$(inherited)",
					"@executable_path/Frameworks",
					"@loader_path/Frameworks",
				);
				PRODUCT_BUNDLE_IDENTIFIER = SunnyInc.UpTests;
				PRODUCT_NAME = "$(TARGET_NAME)";
				SWIFT_VERSION = 4.2;
				TARGETED_DEVICE_FAMILY = "1,2";
				TEST_HOST = "$(BUILT_PRODUCTS_DIR)/Up.app/Up";
			};
			name = Debug;
		};
		C3751A0E2255114D00FF0E22 /* Release */ = {
			isa = XCBuildConfiguration;
			baseConfigurationReference = F42DC5CA08EDB9F40DBC9907 /* Pods-UpTests.release.xcconfig */;
			buildSettings = {
				ALWAYS_EMBED_SWIFT_STANDARD_LIBRARIES = YES;
				BUNDLE_LOADER = "$(TEST_HOST)";
				CODE_SIGN_STYLE = Automatic;
				DEVELOPMENT_TEAM = X3T6G6B4MK;
				INFOPLIST_FILE = UpTests/Info.plist;
				LD_RUNPATH_SEARCH_PATHS = (
					"$(inherited)",
					"@executable_path/Frameworks",
					"@loader_path/Frameworks",
				);
				PRODUCT_BUNDLE_IDENTIFIER = SunnyInc.UpTests;
				PRODUCT_NAME = "$(TARGET_NAME)";
				SWIFT_VERSION = 4.2;
				TARGETED_DEVICE_FAMILY = "1,2";
				TEST_HOST = "$(BUILT_PRODUCTS_DIR)/Up.app/Up";
			};
			name = Release;
		};
		C3751A102255114D00FF0E22 /* Debug */ = {
			isa = XCBuildConfiguration;
			baseConfigurationReference = 5910D3136DCB67DD23DDEA97 /* Pods-UpUITests.debug.xcconfig */;
			buildSettings = {
				ALWAYS_EMBED_SWIFT_STANDARD_LIBRARIES = YES;
				CODE_SIGN_STYLE = Automatic;
				DEVELOPMENT_TEAM = X3T6G6B4MK;
				INFOPLIST_FILE = UpUITests/Info.plist;
				LD_RUNPATH_SEARCH_PATHS = (
					"$(inherited)",
					"@executable_path/Frameworks",
					"@loader_path/Frameworks",
				);
				PRODUCT_BUNDLE_IDENTIFIER = SunnyInc.UpUITests;
				PRODUCT_NAME = "$(TARGET_NAME)";
				SWIFT_VERSION = 4.2;
				TARGETED_DEVICE_FAMILY = "1,2";
				TEST_TARGET_NAME = Up;
			};
			name = Debug;
		};
		C3751A112255114D00FF0E22 /* Release */ = {
			isa = XCBuildConfiguration;
			baseConfigurationReference = 898A2BDFBBF97D8B92D7991B /* Pods-UpUITests.release.xcconfig */;
			buildSettings = {
				ALWAYS_EMBED_SWIFT_STANDARD_LIBRARIES = YES;
				CODE_SIGN_STYLE = Automatic;
				DEVELOPMENT_TEAM = X3T6G6B4MK;
				INFOPLIST_FILE = UpUITests/Info.plist;
				LD_RUNPATH_SEARCH_PATHS = (
					"$(inherited)",
					"@executable_path/Frameworks",
					"@loader_path/Frameworks",
				);
				PRODUCT_BUNDLE_IDENTIFIER = SunnyInc.UpUITests;
				PRODUCT_NAME = "$(TARGET_NAME)";
				SWIFT_VERSION = 4.2;
				TARGETED_DEVICE_FAMILY = "1,2";
				TEST_TARGET_NAME = Up;
			};
			name = Release;
		};
/* End XCBuildConfiguration section */

/* Begin XCConfigurationList section */
		C37519DC2255114900FF0E22 /* Build configuration list for PBXProject "Up" */ = {
			isa = XCConfigurationList;
			buildConfigurations = (
				C3751A072255114D00FF0E22 /* Debug */,
				C3751A082255114D00FF0E22 /* Release */,
			);
			defaultConfigurationIsVisible = 0;
			defaultConfigurationName = Release;
		};
		C3751A092255114D00FF0E22 /* Build configuration list for PBXNativeTarget "Up" */ = {
			isa = XCConfigurationList;
			buildConfigurations = (
				C3751A0A2255114D00FF0E22 /* Debug */,
				C3751A0B2255114D00FF0E22 /* Release */,
			);
			defaultConfigurationIsVisible = 0;
			defaultConfigurationName = Release;
		};
		C3751A0C2255114D00FF0E22 /* Build configuration list for PBXNativeTarget "UpTests" */ = {
			isa = XCConfigurationList;
			buildConfigurations = (
				C3751A0D2255114D00FF0E22 /* Debug */,
				C3751A0E2255114D00FF0E22 /* Release */,
			);
			defaultConfigurationIsVisible = 0;
			defaultConfigurationName = Release;
		};
		C3751A0F2255114D00FF0E22 /* Build configuration list for PBXNativeTarget "UpUITests" */ = {
			isa = XCConfigurationList;
			buildConfigurations = (
				C3751A102255114D00FF0E22 /* Debug */,
				C3751A112255114D00FF0E22 /* Release */,
			);
			defaultConfigurationIsVisible = 0;
			defaultConfigurationName = Release;
		};
/* End XCConfigurationList section */
	};
	rootObject = C37519D92255114900FF0E22 /* Project object */;
}
